
Microsoft Visual Studio Solution File, Format Version 12.00
# Visual Studio Version 17
VisualStudioVersion = 17.4.33213.308
MinimumVisualStudioVersion = 10.0.40219.1
Project("{FAE04EC0-301F-11D3-BF4B-00C04F79EFBC}") = "3", "3\3.csproj", "{FE256E5A-003D-4723-BDBD-33EC1EA88014}"
EndProject
Global
	GlobalSection(SolutionConfigurationPlatforms) = preSolution
		Debug|Any CPU = Debug|Any CPU
		Release|Any CPU = Release|Any CPU
	EndGlobalSection
	GlobalSection(ProjectConfigurationPlatforms) = postSolution
		{FE256E5A-003D-4723-BDBD-33EC1EA88014}.Debug|Any CPU.ActiveCfg = Debug|Any CPU
		{FE256E5A-003D-4723-BDBD-33EC1EA88014}.Debug|Any CPU.Build.0 = Debug|Any CPU
		{FE256E5A-003D-4723-BDBD-33EC1EA88014}.Release|Any CPU.ActiveCfg = Release|Any CPU
		{FE256E5A-003D-4723-BDBD-33EC1EA88014}.Release|Any CPU.Build.0 = Release|Any CPU
	EndGlobalSection
	GlobalSection(SolutionProperties) = preSolution
		HideSolutionNode = FALSE
	EndGlobalSection
	GlobalSection(ExtensibilityGlobals) = postSolution
		SolutionGuid = {4CDED610-129C-47AC-B9CC-9D6128F28AE5}
	EndGlobalSection
EndGlobal
